// !$*UTF8*$!
{
	archiveVersion = 1;
	classes = {
	};
	objectVersion = 50;
	objects = {

/* Begin PBXBuildFile section */
		AE68D0302C62265D621BCAD2 /* Pods_HasOneAccount.framework in Frameworks */ = {isa = PBXBuildFile; fileRef = 5DC9B00C31243042861FDE56 /* Pods_HasOneAccount.framework */; };
		F399592721421A20008FFD6A /* Assets.xcassets in Resources */ = {isa = PBXBuildFile; fileRef = F399592621421A20008FFD6A /* Assets.xcassets */; };
		F399592A21421A20008FFD6A /* LaunchScreen.storyboard in Resources */ = {isa = PBXBuildFile; fileRef = F399592821421A20008FFD6A /* LaunchScreen.storyboard */; };
		F3995937214221FA008FFD6A /* AppDelegate.swift in Sources */ = {isa = PBXBuildFile; fileRef = F3995935214221FA008FFD6A /* AppDelegate.swift */; };
		F3995938214221FA008FFD6A /* ViewController.swift in Sources */ = {isa = PBXBuildFile; fileRef = F3995936214221FA008FFD6A /* ViewController.swift */; };
/* End PBXBuildFile section */

/* Begin PBXFileReference section */
		154BC4C0958A79D010CA31E4 /* Pods-HasOneAccount.release.xcconfig */ = {isa = PBXFileReference; includeInIndex = 1; lastKnownFileType = text.xcconfig; name = "Pods-HasOneAccount.release.xcconfig"; path = "Pods/Target Support Files/Pods-HasOneAccount/Pods-HasOneAccount.release.xcconfig"; sourceTree = "<group>"; };
		5DC9B00C31243042861FDE56 /* Pods_HasOneAccount.framework */ = {isa = PBXFileReference; explicitFileType = wrapper.framework; includeInIndex = 0; path = Pods_HasOneAccount.framework; sourceTree = BUILT_PRODUCTS_DIR; };
		6979AC46D9DF9B50481C7114 /* Pods-HasOneAccount.debug.xcconfig */ = {isa = PBXFileReference; includeInIndex = 1; lastKnownFileType = text.xcconfig; name = "Pods-HasOneAccount.debug.xcconfig"; path = "Pods/Target Support Files/Pods-HasOneAccount/Pods-HasOneAccount.debug.xcconfig"; sourceTree = "<group>"; };
		F399591C21421A10008FFD6A /* HasOneAccount.app */ = {isa = PBXFileReference; explicitFileType = wrapper.application; includeInIndex = 0; path = HasOneAccount.app; sourceTree = BUILT_PRODUCTS_DIR; };
		F399592621421A20008FFD6A /* Assets.xcassets */ = {isa = PBXFileReference; lastKnownFileType = folder.assetcatalog; path = Assets.xcassets; sourceTree = "<group>"; };
		F399592921421A20008FFD6A /* Base */ = {isa = PBXFileReference; lastKnownFileType = file.storyboard; name = Base; path = Base.lproj/LaunchScreen.storyboard; sourceTree = "<group>"; };
		F399592B21421A20008FFD6A /* Info.plist */ = {isa = PBXFileReference; lastKnownFileType = text.plist.xml; path = Info.plist; sourceTree = "<group>"; };
		F3995935214221FA008FFD6A /* AppDelegate.swift */ = {isa = PBXFileReference; fileEncoding = 4; lastKnownFileType = sourcecode.swift; path = AppDelegate.swift; sourceTree = "<group>"; };
		F3995936214221FA008FFD6A /* ViewController.swift */ = {isa = PBXFileReference; fileEncoding = 4; lastKnownFileType = sourcecode.swift; path = ViewController.swift; sourceTree = "<group>"; };
/* End PBXFileReference section */

/* Begin PBXFrameworksBuildPhase section */
		F399591921421A10008FFD6A /* Frameworks */ = {
			isa = PBXFrameworksBuildPhase;
			buildActionMask = 2147483647;
			files = (
				AE68D0302C62265D621BCAD2 /* Pods_HasOneAccount.framework in Frameworks */,
			);
			runOnlyForDeploymentPostprocessing = 0;
		};
/* End PBXFrameworksBuildPhase section */

/* Begin PBXGroup section */
		21F660453AD697E6BE4826EB /* Frameworks */ = {
			isa = PBXGroup;
			children = (
				5DC9B00C31243042861FDE56 /* Pods_HasOneAccount.framework */,
			);
			name = Frameworks;
			sourceTree = "<group>";
		};
		54C6F32D97B80812752981CB /* Pods */ = {
			isa = PBXGroup;
			children = (
				6979AC46D9DF9B50481C7114 /* Pods-HasOneAccount.debug.xcconfig */,
				154BC4C0958A79D010CA31E4 /* Pods-HasOneAccount.release.xcconfig */,
			);
			name = Pods;
			sourceTree = "<group>";
		};
		F399591321421A10008FFD6A = {
			isa = PBXGroup;
			children = (
				F399591E21421A10008FFD6A /* HasOneAccount */,
				F399591D21421A10008FFD6A /* Products */,
				54C6F32D97B80812752981CB /* Pods */,
				21F660453AD697E6BE4826EB /* Frameworks */,
			);
			sourceTree = "<group>";
		};
		F399591D21421A10008FFD6A /* Products */ = {
			isa = PBXGroup;
			children = (
				F399591C21421A10008FFD6A /* HasOneAccount.app */,
			);
			name = Products;
			sourceTree = "<group>";
		};
		F399591E21421A10008FFD6A /* HasOneAccount */ = {
			isa = PBXGroup;
			children = (
				F39959392142221A008FFD6A /* Supporting File */,
				F3995931214221FA008FFD6A /* Category */,
				F3995932214221FA008FFD6A /* Function */,
				F3995933214221FA008FFD6A /* Main */,
			);
			path = HasOneAccount;
			sourceTree = "<group>";
		};
		F3995931214221FA008FFD6A /* Category */ = {
			isa = PBXGroup;
			children = (
			);
			path = Category;
			sourceTree = "<group>";
		};
		F3995932214221FA008FFD6A /* Function */ = {
			isa = PBXGroup;
			children = (
			);
			path = Function;
			sourceTree = "<group>";
		};
		F3995933214221FA008FFD6A /* Main */ = {
			isa = PBXGroup;
			children = (
				F3995934214221FA008FFD6A /* AppDelegate */,
			);
			path = Main;
			sourceTree = "<group>";
		};
		F3995934214221FA008FFD6A /* AppDelegate */ = {
			isa = PBXGroup;
			children = (
				F3995935214221FA008FFD6A /* AppDelegate.swift */,
				F3995936214221FA008FFD6A /* ViewController.swift */,
			);
			path = AppDelegate;
			sourceTree = "<group>";
		};
		F39959392142221A008FFD6A /* Supporting File */ = {
			isa = PBXGroup;
			children = (
				F399592621421A20008FFD6A /* Assets.xcassets */,
				F399592821421A20008FFD6A /* LaunchScreen.storyboard */,
				F399592B21421A20008FFD6A /* Info.plist */,
			);
			name = "Supporting File";
			sourceTree = "<group>";
		};
/* End PBXGroup section */

/* Begin PBXNativeTarget section */
		F399591B21421A10008FFD6A /* HasOneAccount */ = {
			isa = PBXNativeTarget;
			buildConfigurationList = F399592E21421A20008FFD6A /* Build configuration list for PBXNativeTarget "HasOneAccount" */;
			buildPhases = (
				503CF662A13936D71DA2F2DF /* [CP] Check Pods Manifest.lock */,
				F399591821421A10008FFD6A /* Sources */,
				F399591921421A10008FFD6A /* Frameworks */,
				F399591A21421A10008FFD6A /* Resources */,
				EE545241484C18DC0C1BA7F7 /* [CP] Embed Pods Frameworks */,
				78656F54BFC50368EB029665 /* [CP] Copy Pods Resources */,
			);
			buildRules = (
			);
			dependencies = (
			);
			name = HasOneAccount;
			productName = HasOneAccount;
			productReference = F399591C21421A10008FFD6A /* HasOneAccount.app */;
			productType = "com.apple.product-type.application";
		};
/* End PBXNativeTarget section */

/* Begin PBXProject section */
		F399591421421A10008FFD6A /* Project object */ = {
			isa = PBXProject;
			attributes = {
				LastSwiftUpdateCheck = 0940;
				LastUpgradeCheck = 0940;
				ORGANIZATIONNAME = "周结兵";
				TargetAttributes = {
					F399591B21421A10008FFD6A = {
						CreatedOnToolsVersion = 9.4.1;
					};
				};
			};
			buildConfigurationList = F399591721421A10008FFD6A /* Build configuration list for PBXProject "HasOneAccount" */;
			compatibilityVersion = "Xcode 9.3";
			developmentRegion = en;
			hasScannedForEncodings = 0;
			knownRegions = (
				en,
				Base,
			);
			mainGroup = F399591321421A10008FFD6A;
			productRefGroup = F399591D21421A10008FFD6A /* Products */;
			projectDirPath = "";
			projectRoot = "";
			targets = (
				F399591B21421A10008FFD6A /* HasOneAccount */,
			);
		};
/* End PBXProject section */

/* Begin PBXResourcesBuildPhase section */
		F399591A21421A10008FFD6A /* Resources */ = {
			isa = PBXResourcesBuildPhase;
			buildActionMask = 2147483647;
			files = (
				F399592A21421A20008FFD6A /* LaunchScreen.storyboard in Resources */,
				F399592721421A20008FFD6A /* Assets.xcassets in Resources */,
			);
			runOnlyForDeploymentPostprocessing = 0;
		};
/* End PBXResourcesBuildPhase section */

/* Begin PBXShellScriptBuildPhase section */
		503CF662A13936D71DA2F2DF /* [CP] Check Pods Manifest.lock */ = {
			isa = PBXShellScriptBuildPhase;
			buildActionMask = 2147483647;
			files = (
			);
			inputPaths = (
				"${PODS_PODFILE_DIR_PATH}/Podfile.lock",
				"${PODS_ROOT}/Manifest.lock",
			);
			name = "[CP] Check Pods Manifest.lock";
			outputPaths = (
				"$(DERIVED_FILE_DIR)/Pods-HasOneAccount-checkManifestLockResult.txt",
			);
			runOnlyForDeploymentPostprocessing = 0;
			shellPath = /bin/sh;
			shellScript = "diff \"${PODS_PODFILE_DIR_PATH}/Podfile.lock\" \"${PODS_ROOT}/Manifest.lock\" > /dev/null\nif [ $? != 0 ] ; then\n    # print error to STDERR\n    echo \"error: The sandbox is not in sync with the Podfile.lock. Run 'pod install' or update your CocoaPods installation.\" >&2\n    exit 1\nfi\n# This output is used by Xcode 'outputs' to avoid re-running this script phase.\necho \"SUCCESS\" > \"${SCRIPT_OUTPUT_FILE_0}\"\n";
			showEnvVarsInLog = 0;
		};
		78656F54BFC50368EB029665 /* [CP] Copy Pods Resources */ = {
			isa = PBXShellScriptBuildPhase;
			buildActionMask = 2147483647;
			files = (
			);
			inputPaths = (
			);
			name = "[CP] Copy Pods Resources";
			outputPaths = (
			);
			runOnlyForDeploymentPostprocessing = 0;
			shellPath = /bin/sh;
			shellScript = "\"${SRCROOT}/Pods/Target Support Files/Pods-HasOneAccount/Pods-HasOneAccount-resources.sh\"\n";
			showEnvVarsInLog = 0;
		};
		EE545241484C18DC0C1BA7F7 /* [CP] Embed Pods Frameworks */ = {
			isa = PBXShellScriptBuildPhase;
			buildActionMask = 2147483647;
			files = (
			);
			inputPaths = (
				"${SRCROOT}/Pods/Target Support Files/Pods-HasOneAccount/Pods-HasOneAccount-frameworks.sh",
				"${BUILT_PRODUCTS_DIR}/Alamofire/Alamofire.framework",
				"${BUILT_PRODUCTS_DIR}/Kingfisher/Kingfisher.framework",
				"${BUILT_PRODUCTS_DIR}/MJRefresh/MJRefresh.framework",
				"${BUILT_PRODUCTS_DIR}/Moya/Moya.framework",
				"${BUILT_PRODUCTS_DIR}/NVActivityIndicatorView/NVActivityIndicatorView.framework",
				"${BUILT_PRODUCTS_DIR}/RAMAnimatedTabBarController/RAMAnimatedTabBarController.framework",
				"${BUILT_PRODUCTS_DIR}/Result/Result.framework",
				"${BUILT_PRODUCTS_DIR}/SnapKit/SnapKit.framework",
				"${BUILT_PRODUCTS_DIR}/SwiftyJSON/SwiftyJSON.framework",
			);
			name = "[CP] Embed Pods Frameworks";
			outputPaths = (
				"${TARGET_BUILD_DIR}/${FRAMEWORKS_FOLDER_PATH}/Alamofire.framework",
				"${TARGET_BUILD_DIR}/${FRAMEWORKS_FOLDER_PATH}/Kingfisher.framework",
				"${TARGET_BUILD_DIR}/${FRAMEWORKS_FOLDER_PATH}/MJRefresh.framework",
				"${TARGET_BUILD_DIR}/${FRAMEWORKS_FOLDER_PATH}/Moya.framework",
				"${TARGET_BUILD_DIR}/${FRAMEWORKS_FOLDER_PATH}/NVActivityIndicatorView.framework",
				"${TARGET_BUILD_DIR}/${FRAMEWORKS_FOLDER_PATH}/RAMAnimatedTabBarController.framework",
				"${TARGET_BUILD_DIR}/${FRAMEWORKS_FOLDER_PATH}/Result.framework",
				"${TARGET_BUILD_DIR}/${FRAMEWORKS_FOLDER_PATH}/SnapKit.framework",
				"${TARGET_BUILD_DIR}/${FRAMEWORKS_FOLDER_PATH}/SwiftyJSON.framework",
			);
			runOnlyForDeploymentPostprocessing = 0;
			shellPath = /bin/sh;
			shellScript = "\"${SRCROOT}/Pods/Target Support Files/Pods-HasOneAccount/Pods-HasOneAccount-frameworks.sh\"\n";
			showEnvVarsInLog = 0;
		};
/* End PBXShellScriptBuildPhase section */

/* Begin PBXSourcesBuildPhase section */
		F399591821421A10008FFD6A /* Sources */ = {
			isa = PBXSourcesBuildPhase;
			buildActionMask = 2147483647;
			files = (
				F3995938214221FA008FFD6A /* ViewController.swift in Sources */,
				F3995937214221FA008FFD6A /* AppDelegate.swift in Sources */,
			);
			runOnlyForDeploymentPostprocessing = 0;
		};
/* End PBXSourcesBuildPhase section */

/* Begin PBXVariantGroup section */
		F399592821421A20008FFD6A /* LaunchScreen.storyboard */ = {
			isa = PBXVariantGroup;
			children = (
				F399592921421A20008FFD6A /* Base */,
			);
			name = LaunchScreen.storyboard;
			sourceTree = "<group>";
		};
/* End PBXVariantGroup section */

/* Begin XCBuildConfiguration section */
		F399592C21421A20008FFD6A /* Debug */ = {
			isa = XCBuildConfiguration;
			buildSettings = {
				ALWAYS_SEARCH_USER_PATHS = NO;
				CLANG_ANALYZER_NONNULL = YES;
				CLANG_ANALYZER_NUMBER_OBJECT_CONVERSION = YES_AGGRESSIVE;
				CLANG_CXX_LANGUAGE_STANDARD = "gnu++14";
				CLANG_CXX_LIBRARY = "libc++";
				CLANG_ENABLE_MODULES = YES;
				CLANG_ENABLE_OBJC_ARC = YES;
				CLANG_ENABLE_OBJC_WEAK = YES;
				CLANG_WARN_BLOCK_CAPTURE_AUTORELEASING = YES;
				CLANG_WARN_BOOL_CONVERSION = YES;
				CLANG_WARN_COMMA = YES;
				CLANG_WARN_CONSTANT_CONVERSION = YES;
				CLANG_WARN_DEPRECATED_OBJC_IMPLEMENTATIONS = YES;
				CLANG_WARN_DIRECT_OBJC_ISA_USAGE = YES_ERROR;
				CLANG_WARN_DOCUMENTATION_COMMENTS = YES;
				CLANG_WARN_EMPTY_BODY = YES;
				CLANG_WARN_ENUM_CONVERSION = YES;
				CLANG_WARN_INFINITE_RECURSION = YES;
				CLANG_WARN_INT_CONVERSION = YES;
				CLANG_WARN_NON_LITERAL_NULL_CONVERSION = YES;
				CLANG_WARN_OBJC_IMPLICIT_RETAIN_SELF = YES;
				CLANG_WARN_OBJC_LITERAL_CONVERSION = YES;
				CLANG_WARN_OBJC_ROOT_CLASS = YES_ERROR;
				CLANG_WARN_RANGE_LOOP_ANALYSIS = YES;
				CLANG_WARN_STRICT_PROTOTYPES = YES;
				CLANG_WARN_SUSPICIOUS_MOVE = YES;
				CLANG_WARN_UNGUARDED_AVAILABILITY = YES_AGGRESSIVE;
				CLANG_WARN_UNREACHABLE_CODE = YES;
				CLANG_WARN__DUPLICATE_METHOD_MATCH = YES;
				CODE_SIGN_IDENTITY = "iPhone Developer";
				COPY_PHASE_STRIP = NO;
				DEBUG_INFORMATION_FORMAT = dwarf;
				ENABLE_STRICT_OBJC_MSGSEND = YES;
				ENABLE_TESTABILITY = YES;
				GCC_C_LANGUAGE_STANDARD = gnu11;
				GCC_DYNAMIC_NO_PIC = NO;
				GCC_NO_COMMON_BLOCKS = YES;
				GCC_OPTIMIZATION_LEVEL = 0;
				GCC_PREPROCESSOR_DEFINITIONS = (
					"DEBUG=1",
					"$(inherited)",
				);
				GCC_WARN_64_TO_32_BIT_CONVERSION = YES;
				GCC_WARN_ABOUT_RETURN_TYPE = YES_ERROR;
				GCC_WARN_UNDECLARED_SELECTOR = YES;
				GCC_WARN_UNINITIALIZED_AUTOS = YES_AGGRESSIVE;
				GCC_WARN_UNUSED_FUNCTION = YES;
				GCC_WARN_UNUSED_VARIABLE = YES;
				IPHONEOS_DEPLOYMENT_TARGET = 9.0;
				MTL_ENABLE_DEBUG_INFO = YES;
				ONLY_ACTIVE_ARCH = YES;
				SDKROOT = iphoneos;
				SWIFT_ACTIVE_COMPILATION_CONDITIONS = DEBUG;
				SWIFT_OPTIMIZATION_LEVEL = "-Onone";
			};
			name = Debug;
		};
		F399592D21421A20008FFD6A /* Release */ = {
			isa = XCBuildConfiguration;
			buildSettings = {
				ALWAYS_SEARCH_USER_PATHS = NO;
				CLANG_ANALYZER_NONNULL = YES;
				CLANG_ANALYZER_NUMBER_OBJECT_CONVERSION = YES_AGGRESSIVE;
				CLANG_CXX_LANGUAGE_STANDARD = "gnu++14";
				CLANG_CXX_LIBRARY = "libc++";
				CLANG_ENABLE_MODULES = YES;
				CLANG_ENABLE_OBJC_ARC = YES;
				CLANG_ENABLE_OBJC_WEAK = YES;
				CLANG_WARN_BLOCK_CAPTURE_AUTORELEASING = YES;
				CLANG_WARN_BOOL_CONVERSION = YES;
				CLANG_WARN_COMMA = YES;
				CLANG_WARN_CONSTANT_CONVERSION = YES;
				CLANG_WARN_DEPRECATED_OBJC_IMPLEMENTATIONS = YES;
				CLANG_WARN_DIRECT_OBJC_ISA_USAGE = YES_ERROR;
				CLANG_WARN_DOCUMENTATION_COMMENTS = YES;
				CLANG_WARN_EMPTY_BODY = YES;
				CLANG_WARN_ENUM_CONVERSION = YES;
				CLANG_WARN_INFINITE_RECURSION = YES;
				CLANG_WARN_INT_CONVERSION = YES;
				CLANG_WARN_NON_LITERAL_NULL_CONVERSION = YES;
				CLANG_WARN_OBJC_IMPLICIT_RETAIN_SELF = YES;
				CLANG_WARN_OBJC_LITERAL_CONVERSION = YES;
				CLANG_WARN_OBJC_ROOT_CLASS = YES_ERROR;
				CLANG_WARN_RANGE_LOOP_ANALYSIS = YES;
				CLANG_WARN_STRICT_PROTOTYPES = YES;
				CLANG_WARN_SUSPICIOUS_MOVE = YES;
				CLANG_WARN_UNGUARDED_AVAILABILITY = YES_AGGRESSIVE;
				CLANG_WARN_UNREACHABLE_CODE = YES;
				CLANG_WARN__DUPLICATE_METHOD_MATCH = YES;
				CODE_SIGN_IDENTITY = "iPhone Developer";
				COPY_PHASE_STRIP = NO;
				DEBUG_INFORMATION_FORMAT = "dwarf-with-dsym";
				ENABLE_NS_ASSERTIONS = NO;
				ENABLE_STRICT_OBJC_MSGSEND = YES;
				GCC_C_LANGUAGE_STANDARD = gnu11;
				GCC_NO_COMMON_BLOCKS = YES;
				GCC_WARN_64_TO_32_BIT_CONVERSION = YES;
				GCC_WARN_ABOUT_RETURN_TYPE = YES_ERROR;
				GCC_WARN_UNDECLARED_SELECTOR = YES;
				GCC_WARN_UNINITIALIZED_AUTOS = YES_AGGRESSIVE;
				GCC_WARN_UNUSED_FUNCTION = YES;
				GCC_WARN_UNUSED_VARIABLE = YES;
				IPHONEOS_DEPLOYMENT_TARGET = 9.0;
				MTL_ENABLE_DEBUG_INFO = NO;
				SDKROOT = iphoneos;
				SWIFT_COMPILATION_MODE = wholemodule;
				SWIFT_OPTIMIZATION_LEVEL = "-O";
				VALIDATE_PRODUCT = YES;
			};
			name = Release;
		};
		F399592F21421A20008FFD6A /* Debug */ = {
			isa = XCBuildConfiguration;
			baseConfigurationReference = 6979AC46D9DF9B50481C7114 /* Pods-HasOneAccount.debug.xcconfig */;
			buildSettings = {
				ASSETCATALOG_COMPILER_APPICON_NAME = AppIcon;
				CODE_SIGN_STYLE = Automatic;
				DEVELOPMENT_TEAM = AJ689GD4R9;
				INFOPLIST_FILE = HasOneAccount/Info.plist;
				IPHONEOS_DEPLOYMENT_TARGET = 9.0;
				LD_RUNPATH_SEARCH_PATHS = (
					"$(inherited)",
					"@executable_path/Frameworks",
				);
				PRODUCT_BUNDLE_IDENTIFIER = ZJBTech.HasOneAccount;
				PRODUCT_NAME = "$(TARGET_NAME)";
				SWIFT_VERSION = 4.0;
				TARGETED_DEVICE_FAMILY = "1,2";
			};
			name = Debug;
		};
		F399593021421A20008FFD6A /* Release */ = {
			isa = XCBuildConfiguration;
			baseConfigurationReference = 154BC4C0958A79D010CA31E4 /* Pods-HasOneAccount.release.xcconfig */;
			buildSettings = {
				ASSETCATALOG_COMPILER_APPICON_NAME = AppIcon;
				CODE_SIGN_STYLE = Automatic;
				DEVELOPMENT_TEAM = AJ689GD4R9;
				INFOPLIST_FILE = HasOneAccount/Info.plist;
				IPHONEOS_DEPLOYMENT_TARGET = 9.0;
				LD_RUNPATH_SEARCH_PATHS = (
					"$(inherited)",
					"@executable_path/Frameworks",
				);
				PRODUCT_BUNDLE_IDENTIFIER = ZJBTech.HasOneAccount;
				PRODUCT_NAME = "$(TARGET_NAME)";
				SWIFT_VERSION = 4.0;
				TARGETED_DEVICE_FAMILY = "1,2";
			};
			name = Release;
		};
/* End XCBuildConfiguration section */

/* Begin XCConfigurationList section */
		F399591721421A10008FFD6A /* Build configuration list for PBXProject "HasOneAccount" */ = {
			isa = XCConfigurationList;
			buildConfigurations = (
				F399592C21421A20008FFD6A /* Debug */,
				F399592D21421A20008FFD6A /* Release */,
			);
			defaultConfigurationIsVisible = 0;
			defaultConfigurationName = Release;
		};
		F399592E21421A20008FFD6A /* Build configuration list for PBXNativeTarget "HasOneAccount" */ = {
			isa = XCConfigurationList;
			buildConfigurations = (
				F399592F21421A20008FFD6A /* Debug */,
				F399593021421A20008FFD6A /* Release */,
			);
			defaultConfigurationIsVisible = 0;
			defaultConfigurationName = Release;
		};
/* End XCConfigurationList section */
	};
	rootObject = F399591421421A10008FFD6A /* Project object */;
}
